
Microsoft Visual Studio Solution File, Format Version 12.00
# Visual Studio Version 17
VisualStudioVersion = 17.5.33516.290
MinimumVisualStudioVersion = 10.0.40219.1
Project("{FAE04EC0-301F-11D3-BF4B-00C04F79EFBC}") = "EurpGUI", "EurpGUI.csproj", "{8B21D2F4-1298-44C9-811B-92E893E8FBFA}"
EndProject
Global
	GlobalSection(SolutionConfigurationPlatforms) = preSolution
		Debug|Any CPU = Debug|Any CPU
		Release|Any CPU = Release|Any CPU
	EndGlobalSection
	GlobalSection(ProjectConfigurationPlatforms) = postSolution
		{8B21D2F4-1298-44C9-811B-92E893E8FBFA}.Debug|Any CPU.ActiveCfg = Debug|Any CPU
		{8B21D2F4-1298-44C9-811B-92E893E8FBFA}.Debug|Any CPU.Build.0 = Debug|Any CPU
		{8B21D2F4-1298-44C9-811B-92E893E8FBFA}.Release|Any CPU.ActiveCfg = Release|Any CPU
		{8B21D2F4-1298-44C9-811B-92E893E8FBFA}.Release|Any CPU.Build.0 = Release|Any CPU
	EndGlobalSection
	GlobalSection(SolutionProperties) = preSolution
		HideSolutionNode = FALSE
	EndGlobalSection
	GlobalSection(ExtensibilityGlobals) = postSolution
		SolutionGuid = {913B28D5-2D16-4C85-8B9A-E503B4BF48AB}
	EndGlobalSection
EndGlobal
